
Microsoft Visual Studio Solution File, Format Version 12.00
# Visual Studio Version 16
VisualStudioVersion = 16.0.30413.136
MinimumVisualStudioVersion = 10.0.40219.1
Project("{9092AA53-FB77-4645-B42D-1CCCA6BD08BD}") = "NodejsApiExample", "NodejsApiExample\NodejsApiExample.njsproj", "{32D55284-5B55-4546-A953-10536ED6CAE5}"
EndProject
Global
	GlobalSection(SolutionConfigurationPlatforms) = preSolution
		Debug|Any CPU = Debug|Any CPU
		Release|Any CPU = Release|Any CPU
	EndGlobalSection
	GlobalSection(ProjectConfigurationPlatforms) = postSolution
		{32D55284-5B55-4546-A953-10536ED6CAE5}.Debug|Any CPU.ActiveCfg = Debug|Any CPU
		{32D55284-5B55-4546-A953-10536ED6CAE5}.Debug|Any CPU.Build.0 = Debug|Any CPU
		{32D55284-5B55-4546-A953-10536ED6CAE5}.Release|Any CPU.ActiveCfg = Release|Any CPU
		{32D55284-5B55-4546-A953-10536ED6CAE5}.Release|Any CPU.Build.0 = Release|Any CPU
	EndGlobalSection
	GlobalSection(SolutionProperties) = preSolution
		HideSolutionNode = FALSE
	EndGlobalSection
	GlobalSection(ExtensibilityGlobals) = postSolution
		SolutionGuid = {6270C87A-1771-4FC1-AFF5-209D29421500}
	EndGlobalSection
EndGlobal
