
Microsoft Visual Studio Solution File, Format Version 12.00
# Visual Studio Version 16
VisualStudioVersion = 16.0.30413.136
MinimumVisualStudioVersion = 10.0.40219.1
Project("{9092AA53-FB77-4645-B42D-1CCCA6BD08BD}") = "Combination06", "BaseExample\Combination06.njsproj", "{30CDF173-E41D-49D8-A74B-1C713F0FFAF7}"
EndProject
Global
	GlobalSection(SolutionConfigurationPlatforms) = preSolution
		Debug|Any CPU = Debug|Any CPU
		Release|Any CPU = Release|Any CPU
	EndGlobalSection
	GlobalSection(ProjectConfigurationPlatforms) = postSolution
		{30CDF173-E41D-49D8-A74B-1C713F0FFAF7}.Debug|Any CPU.ActiveCfg = Debug|Any CPU
		{30CDF173-E41D-49D8-A74B-1C713F0FFAF7}.Debug|Any CPU.Build.0 = Debug|Any CPU
		{30CDF173-E41D-49D8-A74B-1C713F0FFAF7}.Release|Any CPU.ActiveCfg = Release|Any CPU
		{30CDF173-E41D-49D8-A74B-1C713F0FFAF7}.Release|Any CPU.Build.0 = Release|Any CPU
	EndGlobalSection
	GlobalSection(SolutionProperties) = preSolution
		HideSolutionNode = FALSE
	EndGlobalSection
	GlobalSection(ExtensibilityGlobals) = postSolution
		SolutionGuid = {E474BCB9-5781-4FF6-B213-0AAB168122B5}
	EndGlobalSection
EndGlobal
