
Microsoft Visual Studio Solution File, Format Version 12.00
# Visual Studio Version 16
VisualStudioVersion = 16.0.30413.136
MinimumVisualStudioVersion = 10.0.40219.1
Project("{9092AA53-FB77-4645-B42D-1CCCA6BD08BD}") = "ExpressOverview01", "ExpressOverview01\ExpressOverview01.njsproj", "{833E13CF-7AF1-40C9-9E8E-33937F21072E}"
EndProject
Global
	GlobalSection(SolutionConfigurationPlatforms) = preSolution
		Debug|Any CPU = Debug|Any CPU
		Release|Any CPU = Release|Any CPU
	EndGlobalSection
	GlobalSection(ProjectConfigurationPlatforms) = postSolution
		{833E13CF-7AF1-40C9-9E8E-33937F21072E}.Debug|Any CPU.ActiveCfg = Debug|Any CPU
		{833E13CF-7AF1-40C9-9E8E-33937F21072E}.Debug|Any CPU.Build.0 = Debug|Any CPU
		{833E13CF-7AF1-40C9-9E8E-33937F21072E}.Release|Any CPU.ActiveCfg = Release|Any CPU
		{833E13CF-7AF1-40C9-9E8E-33937F21072E}.Release|Any CPU.Build.0 = Release|Any CPU
	EndGlobalSection
	GlobalSection(SolutionProperties) = preSolution
		HideSolutionNode = FALSE
	EndGlobalSection
	GlobalSection(ExtensibilityGlobals) = postSolution
		SolutionGuid = {4A93DC3F-E64D-43F3-A748-5A657B5D934B}
	EndGlobalSection
EndGlobal
